
Microsoft Visual Studio Solution File, Format Version 12.00
# Visual Studio Version 17
VisualStudioVersion = 17.14.36705.20
MinimumVisualStudioVersion = 10.0.40219.1
Project("{FAE04EC0-301F-11D3-BF4B-00C04F79EFBC}") = "VetCare.Api", "src\VetCare.Api\VetCare.Api.csproj", "{E41287E5-3990-4054-BCE9-EEFA7F13811F}"
EndProject
Project("{2150E333-8FDC-42A3-9474-1A3956D46DE8}") = "src", "src", "{02EA681E-C7D8-13C7-8484-4AC65E1B71E8}"
EndProject
Project("{FAE04EC0-301F-11D3-BF4B-00C04F79EFBC}") = "VetCare.Application", "src\VetCare.Application\VetCare.Application.csproj", "{93B6303D-60EC-46B7-AA5F-693EF72D2C02}"
EndProject
Project("{FAE04EC0-301F-11D3-BF4B-00C04F79EFBC}") = "VetCare.Domain", "src\VetCare.Domain\VetCare.Domain.csproj", "{FCB5A4B1-87D7-4466-B4FE-546539A91917}"
EndProject
Project("{FAE04EC0-301F-11D3-BF4B-00C04F79EFBC}") = "VetCare.Infrastructure.Data", "src\VetCare.Infrastructure.Data\VetCare.Infrastructure.Data.csproj", "{929AEAF9-E2A6-4CD2-907B-F1DD318B807D}"
EndProject
Project("{FAE04EC0-301F-11D3-BF4B-00C04F79EFBC}") = "VetCare.Infrastructure.CrossCutting", "src\VetCare.Infrastructure.CrossCutting\VetCare.Infrastructure.CrossCutting.csproj", "{7E7E9A9A-7ACF-4E19-A191-145C9E374179}"
EndProject
Project("{2150E333-8FDC-42A3-9474-1A3956D46DE8}") = "tests", "tests", "{ACF2A98C-A7C5-417C-B19C-686A7E04E813}"
EndProject
Project("{FAE04EC0-301F-11D3-BF4B-00C04F79EFBC}") = "VetCare.Tests", "tests\VetCare.Tests\VetCare.Tests.csproj", "{56B0DCD5-FAAC-44A7-8C5B-FEE42FFBC334}"
EndProject
Global
	GlobalSection(SolutionConfigurationPlatforms) = preSolution
		Debug|Any CPU = Debug|Any CPU
		Release|Any CPU = Release|Any CPU
	EndGlobalSection
	GlobalSection(ProjectConfigurationPlatforms) = postSolution
		{E41287E5-3990-4054-BCE9-EEFA7F13811F}.Debug|Any CPU.ActiveCfg = Debug|Any CPU
		{E41287E5-3990-4054-BCE9-EEFA7F13811F}.Debug|Any CPU.Build.0 = Debug|Any CPU
		{E41287E5-3990-4054-BCE9-EEFA7F13811F}.Release|Any CPU.ActiveCfg = Release|Any CPU
		{E41287E5-3990-4054-BCE9-EEFA7F13811F}.Release|Any CPU.Build.0 = Release|Any CPU
		{93B6303D-60EC-46B7-AA5F-693EF72D2C02}.Debug|Any CPU.ActiveCfg = Debug|Any CPU
		{93B6303D-60EC-46B7-AA5F-693EF72D2C02}.Debug|Any CPU.Build.0 = Debug|Any CPU
		{93B6303D-60EC-46B7-AA5F-693EF72D2C02}.Release|Any CPU.ActiveCfg = Release|Any CPU
		{93B6303D-60EC-46B7-AA5F-693EF72D2C02}.Release|Any CPU.Build.0 = Release|Any CPU
		{FCB5A4B1-87D7-4466-B4FE-546539A91917}.Debug|Any CPU.ActiveCfg = Debug|Any CPU
		{FCB5A4B1-87D7-4466-B4FE-546539A91917}.Debug|Any CPU.Build.0 = Debug|Any CPU
		{FCB5A4B1-87D7-4466-B4FE-546539A91917}.Release|Any CPU.ActiveCfg = Release|Any CPU
		{FCB5A4B1-87D7-4466-B4FE-546539A91917}.Release|Any CPU.Build.0 = Release|Any CPU
		{929AEAF9-E2A6-4CD2-907B-F1DD318B807D}.Debug|Any CPU.ActiveCfg = Debug|Any CPU
		{929AEAF9-E2A6-4CD2-907B-F1DD318B807D}.Debug|Any CPU.Build.0 = Debug|Any CPU
		{929AEAF9-E2A6-4CD2-907B-F1DD318B807D}.Release|Any CPU.ActiveCfg = Release|Any CPU
		{929AEAF9-E2A6-4CD2-907B-F1DD318B807D}.Release|Any CPU.Build.0 = Release|Any CPU
		{7E7E9A9A-7ACF-4E19-A191-145C9E374179}.Debug|Any CPU.ActiveCfg = Debug|Any CPU
		{7E7E9A9A-7ACF-4E19-A191-145C9E374179}.Debug|Any CPU.Build.0 = Debug|Any CPU
		{7E7E9A9A-7ACF-4E19-A191-145C9E374179}.Release|Any CPU.ActiveCfg = Release|Any CPU
		{7E7E9A9A-7ACF-4E19-A191-145C9E374179}.Release|Any CPU.Build.0 = Release|Any CPU
		{56B0DCD5-FAAC-44A7-8C5B-FEE42FFBC334}.Debug|Any CPU.ActiveCfg = Debug|Any CPU
		{56B0DCD5-FAAC-44A7-8C5B-FEE42FFBC334}.Debug|Any CPU.Build.0 = Debug|Any CPU
		{56B0DCD5-FAAC-44A7-8C5B-FEE42FFBC334}.Release|Any CPU.ActiveCfg = Release|Any CPU
		{56B0DCD5-FAAC-44A7-8C5B-FEE42FFBC334}.Release|Any CPU.Build.0 = Release|Any CPU
	EndGlobalSection
	GlobalSection(SolutionProperties) = preSolution
		HideSolutionNode = FALSE
	EndGlobalSection
	GlobalSection(NestedProjects) = preSolution
		{E41287E5-3990-4054-BCE9-EEFA7F13811F} = {02EA681E-C7D8-13C7-8484-4AC65E1B71E8}
		{93B6303D-60EC-46B7-AA5F-693EF72D2C02} = {02EA681E-C7D8-13C7-8484-4AC65E1B71E8}
		{FCB5A4B1-87D7-4466-B4FE-546539A91917} = {02EA681E-C7D8-13C7-8484-4AC65E1B71E8}
		{929AEAF9-E2A6-4CD2-907B-F1DD318B807D} = {02EA681E-C7D8-13C7-8484-4AC65E1B71E8}
		{7E7E9A9A-7ACF-4E19-A191-145C9E374179} = {02EA681E-C7D8-13C7-8484-4AC65E1B71E8}
		{56B0DCD5-FAAC-44A7-8C5B-FEE42FFBC334} = {ACF2A98C-A7C5-417C-B19C-686A7E04E813}
	EndGlobalSection
	GlobalSection(ExtensibilityGlobals) = postSolution
		SolutionGuid = {129A7BE7-6BFC-47D3-890D-510D46135692}
	EndGlobalSection
EndGlobal
